
Microsoft Visual Studio Solution File, Format Version 12.00
# Visual Studio Version 17
VisualStudioVersion = 17.13.35913.81 d17.13
MinimumVisualStudioVersion = 10.0.40219.1
Project("{FAE04EC0-301F-11D3-BF4B-00C04F79EFBC}") = "massovoe obclyzhivanie", "massovoe obclyzhivanie\massovoe obclyzhivanie.csproj", "{4BC6827A-E070-41C7-A517-4F38CE131C62}"
EndProject
Global
	GlobalSection(SolutionConfigurationPlatforms) = preSolution
		Debug|Any CPU = Debug|Any CPU
		Release|Any CPU = Release|Any CPU
	EndGlobalSection
	GlobalSection(ProjectConfigurationPlatforms) = postSolution
		{4BC6827A-E070-41C7-A517-4F38CE131C62}.Debug|Any CPU.ActiveCfg = Debug|Any CPU
		{4BC6827A-E070-41C7-A517-4F38CE131C62}.Debug|Any CPU.Build.0 = Debug|Any CPU
		{4BC6827A-E070-41C7-A517-4F38CE131C62}.Release|Any CPU.ActiveCfg = Release|Any CPU
		{4BC6827A-E070-41C7-A517-4F38CE131C62}.Release|Any CPU.Build.0 = Release|Any CPU
	EndGlobalSection
	GlobalSection(SolutionProperties) = preSolution
		HideSolutionNode = FALSE
	EndGlobalSection
	GlobalSection(ExtensibilityGlobals) = postSolution
		SolutionGuid = {FB507226-C32E-4611-8D78-10D45167D863}
	EndGlobalSection
EndGlobal
